
Microsoft Visual Studio Solution File, Format Version 12.00
# Visual Studio Version 17
VisualStudioVersion = 17.0.31903.59
MinimumVisualStudioVersion = 10.0.40219.1
Project("{2150E333-8FDC-42A3-9474-1A3956D46DE8}") = "src", "src", "{827E0CD3-B72D-47B6-A68D-7590B98EB39B}"
EndProject
Project("{2150E333-8FDC-42A3-9474-1A3956D46DE8}") = "BuildingBlocks", "BuildingBlocks", "{90298CBA-BD6F-3A0A-69D5-97CAD7B05E7E}"
EndProject
Project("{FAE04EC0-301F-11D3-BF4B-00C04F79EFBC}") = "EcoFleet.Shared.Kernel", "src\BuildingBlocks\EcoFleet.Shared.Kernel\EcoFleet.Shared.Kernel.csproj", "{5EBE0B3E-221F-4C02-8A3D-DA63EA27CFAB}"
EndProject
Project("{FAE04EC0-301F-11D3-BF4B-00C04F79EFBC}") = "EcoFleet.Shared.Kernel.Primitives", "src\BuildingBlocks\EcoFleet.Shared.Kernel.Primitives\EcoFleet.Shared.Kernel.Primitives.csproj", "{26CB451B-FFCE-4C78-A5C5-50B9FAD9B027}"
EndProject
Project("{2150E333-8FDC-42A3-9474-1A3956D46DE8}") = "Services", "Services", "{984BB9B3-3FA3-BE33-9484-CAC21695A33C}"
EndProject
Project("{2150E333-8FDC-42A3-9474-1A3956D46DE8}") = "Company", "Company", "{475C75E2-3469-ADF1-7AA5-8C26A3F9FD01}"
EndProject
Project("{FAE04EC0-301F-11D3-BF4B-00C04F79EFBC}") = "EcoFleet.Company.Api", "src\Services\Company\EcoFleet.Company.Api\EcoFleet.Company.Api.csproj", "{344ADE29-523E-4BCE-9D3F-91B1A151B692}"
EndProject
Project("{FAE04EC0-301F-11D3-BF4B-00C04F79EFBC}") = "EcoFleet.Company.Application", "src\Services\Company\EcoFleet.Company.Application\EcoFleet.Company.Application.csproj", "{A9FB287B-E701-4928-9BB8-57AD801225BE}"
EndProject
Project("{FAE04EC0-301F-11D3-BF4B-00C04F79EFBC}") = "EcoFleet.Company.Domain", "src\Services\Company\EcoFleet.Company.Domain\EcoFleet.Company.Domain.csproj", "{68CB59E2-8A76-4EA4-932B-80080A41AEE8}"
EndProject
Project("{FAE04EC0-301F-11D3-BF4B-00C04F79EFBC}") = "EcoFleet.Company.Infrastructure", "src\Services\Company\EcoFleet.Company.Infrastructure\EcoFleet.Company.Infrastructure.csproj", "{AB0D4D34-37B6-4F60-AC7E-2AE6D913AF72}"
EndProject
Project("{2150E333-8FDC-42A3-9474-1A3956D46DE8}") = "Identity", "Identity", "{1BFC9479-12BF-35C3-06B8-42D89D95092B}"
EndProject
Project("{FAE04EC0-301F-11D3-BF4B-00C04F79EFBC}") = "EcoFleet.Identity.Api", "src\Services\Identity\EcoFleet.Identity.Api\EcoFleet.Identity.Api.csproj", "{CFEF7CF1-F4EA-46DB-B976-16E9B8EB1FAA}"
EndProject
Project("{FAE04EC0-301F-11D3-BF4B-00C04F79EFBC}") = "EcoFleet.Identity.Application", "src\Services\Identity\EcoFleet.Identity.Application\EcoFleet.Identity.Application.csproj", "{AD1FB5EB-1E5E-44CD-8359-424BA37F630E}"
EndProject
Project("{FAE04EC0-301F-11D3-BF4B-00C04F79EFBC}") = "EcoFleet.Identity.Domain", "src\Services\Identity\EcoFleet.Identity.Domain\EcoFleet.Identity.Domain.csproj", "{89624222-422C-4E67-8EA6-C0C9EAFCBF1A}"
EndProject
Project("{FAE04EC0-301F-11D3-BF4B-00C04F79EFBC}") = "EcoFleet.Identity.Infrastructure", "src\Services\Identity\EcoFleet.Identity.Infrastructure\EcoFleet.Identity.Infrastructure.csproj", "{2C5EDD05-B189-42E1-B833-B537D80E45AA}"
EndProject
Project("{2150E333-8FDC-42A3-9474-1A3956D46DE8}") = "Shipment", "Shipment", "{180A20D8-F96B-90BD-E113-321440D7588D}"
EndProject
Project("{FAE04EC0-301F-11D3-BF4B-00C04F79EFBC}") = "EcoFleet.Shipment.Api", "src\Services\Shipment\EcoFleet.Shipment.Api\EcoFleet.Shipment.Api.csproj", "{F8A4FA88-4B61-4E08-B854-128240DAD7BE}"
EndProject
Project("{FAE04EC0-301F-11D3-BF4B-00C04F79EFBC}") = "EcoFleet.Shipment.Application", "src\Services\Shipment\EcoFleet.Shipment.Application\EcoFleet.Shipment.Application.csproj", "{EACD9CB4-3E5A-4335-848D-7DA9E5286401}"
EndProject
Project("{FAE04EC0-301F-11D3-BF4B-00C04F79EFBC}") = "EcoFleet.Shipment.Domain", "src\Services\Shipment\EcoFleet.Shipment.Domain\EcoFleet.Shipment.Domain.csproj", "{84072503-4131-40BD-AB63-998CEBC142F0}"
EndProject
Project("{FAE04EC0-301F-11D3-BF4B-00C04F79EFBC}") = "EcoFleet.Shipment.Infrastructure", "src\Services\Shipment\EcoFleet.Shipment.Infrastructure\EcoFleet.Shipment.Infrastructure.csproj", "{8EA79BC2-BD7A-41A1-95EF-9B2F14979B7C}"
EndProject
Project("{2150E333-8FDC-42A3-9474-1A3956D46DE8}") = "Orchestration", "Orchestration", "{8B260A08-A83E-5A86-27DB-EBC08B683631}"
EndProject
Project("{FAE04EC0-301F-11D3-BF4B-00C04F79EFBC}") = "EcoFleet.AppHost", "src\Orchestration\EcoFleet.AppHost\EcoFleet.AppHost.csproj", "{B770F958-BB2A-4EB8-B8F2-8E31C4A7097F}"
EndProject
Project("{FAE04EC0-301F-11D3-BF4B-00C04F79EFBC}") = "EcoFleet.ServiceDefaults", "src\BuildingBlocks\EcoFleet.ServiceDefaults\EcoFleet.ServiceDefaults.csproj", "{4737A184-70BF-4FDC-AD08-C3B7E96E44E2}"
EndProject
Global
	GlobalSection(SolutionConfigurationPlatforms) = preSolution
		Debug|Any CPU = Debug|Any CPU
		Debug|x64 = Debug|x64
		Debug|x86 = Debug|x86
		Release|Any CPU = Release|Any CPU
		Release|x64 = Release|x64
		Release|x86 = Release|x86
	EndGlobalSection
	GlobalSection(ProjectConfigurationPlatforms) = postSolution
		{5EBE0B3E-221F-4C02-8A3D-DA63EA27CFAB}.Debug|Any CPU.ActiveCfg = Debug|Any CPU
		{5EBE0B3E-221F-4C02-8A3D-DA63EA27CFAB}.Debug|Any CPU.Build.0 = Debug|Any CPU
		{5EBE0B3E-221F-4C02-8A3D-DA63EA27CFAB}.Debug|x64.ActiveCfg = Debug|Any CPU
		{5EBE0B3E-221F-4C02-8A3D-DA63EA27CFAB}.Debug|x64.Build.0 = Debug|Any CPU
		{5EBE0B3E-221F-4C02-8A3D-DA63EA27CFAB}.Debug|x86.ActiveCfg = Debug|Any CPU
		{5EBE0B3E-221F-4C02-8A3D-DA63EA27CFAB}.Debug|x86.Build.0 = Debug|Any CPU
		{5EBE0B3E-221F-4C02-8A3D-DA63EA27CFAB}.Release|Any CPU.ActiveCfg = Release|Any CPU
		{5EBE0B3E-221F-4C02-8A3D-DA63EA27CFAB}.Release|Any CPU.Build.0 = Release|Any CPU
		{5EBE0B3E-221F-4C02-8A3D-DA63EA27CFAB}.Release|x64.ActiveCfg = Release|Any CPU
		{5EBE0B3E-221F-4C02-8A3D-DA63EA27CFAB}.Release|x64.Build.0 = Release|Any CPU
		{5EBE0B3E-221F-4C02-8A3D-DA63EA27CFAB}.Release|x86.ActiveCfg = Release|Any CPU
		{5EBE0B3E-221F-4C02-8A3D-DA63EA27CFAB}.Release|x86.Build.0 = Release|Any CPU
		{26CB451B-FFCE-4C78-A5C5-50B9FAD9B027}.Debug|Any CPU.ActiveCfg = Debug|Any CPU
		{26CB451B-FFCE-4C78-A5C5-50B9FAD9B027}.Debug|Any CPU.Build.0 = Debug|Any CPU
		{26CB451B-FFCE-4C78-A5C5-50B9FAD9B027}.Debug|x64.ActiveCfg = Debug|Any CPU
		{26CB451B-FFCE-4C78-A5C5-50B9FAD9B027}.Debug|x64.Build.0 = Debug|Any CPU
		{26CB451B-FFCE-4C78-A5C5-50B9FAD9B027}.Debug|x86.ActiveCfg = Debug|Any CPU
		{26CB451B-FFCE-4C78-A5C5-50B9FAD9B027}.Debug|x86.Build.0 = Debug|Any CPU
		{26CB451B-FFCE-4C78-A5C5-50B9FAD9B027}.Release|Any CPU.ActiveCfg = Release|Any CPU
		{26CB451B-FFCE-4C78-A5C5-50B9FAD9B027}.Release|Any CPU.Build.0 = Release|Any CPU
		{26CB451B-FFCE-4C78-A5C5-50B9FAD9B027}.Release|x64.ActiveCfg = Release|Any CPU
		{26CB451B-FFCE-4C78-A5C5-50B9FAD9B027}.Release|x64.Build.0 = Release|Any CPU
		{26CB451B-FFCE-4C78-A5C5-50B9FAD9B027}.Release|x86.ActiveCfg = Release|Any CPU
		{26CB451B-FFCE-4C78-A5C5-50B9FAD9B027}.Release|x86.Build.0 = Release|Any CPU
		{344ADE29-523E-4BCE-9D3F-91B1A151B692}.Debug|Any CPU.ActiveCfg = Debug|Any CPU
		{344ADE29-523E-4BCE-9D3F-91B1A151B692}.Debug|Any CPU.Build.0 = Debug|Any CPU
		{344ADE29-523E-4BCE-9D3F-91B1A151B692}.Debug|x64.ActiveCfg = Debug|Any CPU
		{344ADE29-523E-4BCE-9D3F-91B1A151B692}.Debug|x64.Build.0 = Debug|Any CPU
		{344ADE29-523E-4BCE-9D3F-91B1A151B692}.Debug|x86.ActiveCfg = Debug|Any CPU
		{344ADE29-523E-4BCE-9D3F-91B1A151B692}.Debug|x86.Build.0 = Debug|Any CPU
		{344ADE29-523E-4BCE-9D3F-91B1A151B692}.Release|Any CPU.ActiveCfg = Release|Any CPU
		{344ADE29-523E-4BCE-9D3F-91B1A151B692}.Release|Any CPU.Build.0 = Release|Any CPU
		{344ADE29-523E-4BCE-9D3F-91B1A151B692}.Release|x64.ActiveCfg = Release|Any CPU
		{344ADE29-523E-4BCE-9D3F-91B1A151B692}.Release|x64.Build.0 = Release|Any CPU
		{344ADE29-523E-4BCE-9D3F-91B1A151B692}.Release|x86.ActiveCfg = Release|Any CPU
		{344ADE29-523E-4BCE-9D3F-91B1A151B692}.Release|x86.Build.0 = Release|Any CPU
		{A9FB287B-E701-4928-9BB8-57AD801225BE}.Debug|Any CPU.ActiveCfg = Debug|Any CPU
		{A9FB287B-E701-4928-9BB8-57AD801225BE}.Debug|Any CPU.Build.0 = Debug|Any CPU
		{A9FB287B-E701-4928-9BB8-57AD801225BE}.Debug|x64.ActiveCfg = Debug|Any CPU
		{A9FB287B-E701-4928-9BB8-57AD801225BE}.Debug|x64.Build.0 = Debug|Any CPU
		{A9FB287B-E701-4928-9BB8-57AD801225BE}.Debug|x86.ActiveCfg = Debug|Any CPU
		{A9FB287B-E701-4928-9BB8-57AD801225BE}.Debug|x86.Build.0 = Debug|Any CPU
		{A9FB287B-E701-4928-9BB8-57AD801225BE}.Release|Any CPU.ActiveCfg = Release|Any CPU
		{A9FB287B-E701-4928-9BB8-57AD801225BE}.Release|Any CPU.Build.0 = Release|Any CPU
		{A9FB287B-E701-4928-9BB8-57AD801225BE}.Release|x64.ActiveCfg = Release|Any CPU
		{A9FB287B-E701-4928-9BB8-57AD801225BE}.Release|x64.Build.0 = Release|Any CPU
		{A9FB287B-E701-4928-9BB8-57AD801225BE}.Release|x86.ActiveCfg = Release|Any CPU
		{A9FB287B-E701-4928-9BB8-57AD801225BE}.Release|x86.Build.0 = Release|Any CPU
		{68CB59E2-8A76-4EA4-932B-80080A41AEE8}.Debug|Any CPU.ActiveCfg = Debug|Any CPU
		{68CB59E2-8A76-4EA4-932B-80080A41AEE8}.Debug|Any CPU.Build.0 = Debug|Any CPU
		{68CB59E2-8A76-4EA4-932B-80080A41AEE8}.Debug|x64.ActiveCfg = Debug|Any CPU
		{68CB59E2-8A76-4EA4-932B-80080A41AEE8}.Debug|x64.Build.0 = Debug|Any CPU
		{68CB59E2-8A76-4EA4-932B-80080A41AEE8}.Debug|x86.ActiveCfg = Debug|Any CPU
		{68CB59E2-8A76-4EA4-932B-80080A41AEE8}.Debug|x86.Build.0 = Debug|Any CPU
		{68CB59E2-8A76-4EA4-932B-80080A41AEE8}.Release|Any CPU.ActiveCfg = Release|Any CPU
		{68CB59E2-8A76-4EA4-932B-80080A41AEE8}.Release|Any CPU.Build.0 = Release|Any CPU
		{68CB59E2-8A76-4EA4-932B-80080A41AEE8}.Release|x64.ActiveCfg = Release|Any CPU
		{68CB59E2-8A76-4EA4-932B-80080A41AEE8}.Release|x64.Build.0 = Release|Any CPU
		{68CB59E2-8A76-4EA4-932B-80080A41AEE8}.Release|x86.ActiveCfg = Release|Any CPU
		{68CB59E2-8A76-4EA4-932B-80080A41AEE8}.Release|x86.Build.0 = Release|Any CPU
		{AB0D4D34-37B6-4F60-AC7E-2AE6D913AF72}.Debug|Any CPU.ActiveCfg = Debug|Any CPU
		{AB0D4D34-37B6-4F60-AC7E-2AE6D913AF72}.Debug|Any CPU.Build.0 = Debug|Any CPU
		{AB0D4D34-37B6-4F60-AC7E-2AE6D913AF72}.Debug|x64.ActiveCfg = Debug|Any CPU
		{AB0D4D34-37B6-4F60-AC7E-2AE6D913AF72}.Debug|x64.Build.0 = Debug|Any CPU
		{AB0D4D34-37B6-4F60-AC7E-2AE6D913AF72}.Debug|x86.ActiveCfg = Debug|Any CPU
		{AB0D4D34-37B6-4F60-AC7E-2AE6D913AF72}.Debug|x86.Build.0 = Debug|Any CPU
		{AB0D4D34-37B6-4F60-AC7E-2AE6D913AF72}.Release|Any CPU.ActiveCfg = Release|Any CPU
		{AB0D4D34-37B6-4F60-AC7E-2AE6D913AF72}.Release|Any CPU.Build.0 = Release|Any CPU
		{AB0D4D34-37B6-4F60-AC7E-2AE6D913AF72}.Release|x64.ActiveCfg = Release|Any CPU
		{AB0D4D34-37B6-4F60-AC7E-2AE6D913AF72}.Release|x64.Build.0 = Release|Any CPU
		{AB0D4D34-37B6-4F60-AC7E-2AE6D913AF72}.Release|x86.ActiveCfg = Release|Any CPU
		{AB0D4D34-37B6-4F60-AC7E-2AE6D913AF72}.Release|x86.Build.0 = Release|Any CPU
		{CFEF7CF1-F4EA-46DB-B976-16E9B8EB1FAA}.Debug|Any CPU.ActiveCfg = Debug|Any CPU
		{CFEF7CF1-F4EA-46DB-B976-16E9B8EB1FAA}.Debug|Any CPU.Build.0 = Debug|Any CPU
		{CFEF7CF1-F4EA-46DB-B976-16E9B8EB1FAA}.Debug|x64.ActiveCfg = Debug|Any CPU
		{CFEF7CF1-F4EA-46DB-B976-16E9B8EB1FAA}.Debug|x64.Build.0 = Debug|Any CPU
		{CFEF7CF1-F4EA-46DB-B976-16E9B8EB1FAA}.Debug|x86.ActiveCfg = Debug|Any CPU
		{CFEF7CF1-F4EA-46DB-B976-16E9B8EB1FAA}.Debug|x86.Build.0 = Debug|Any CPU
		{CFEF7CF1-F4EA-46DB-B976-16E9B8EB1FAA}.Release|Any CPU.ActiveCfg = Release|Any CPU
		{CFEF7CF1-F4EA-46DB-B976-16E9B8EB1FAA}.Release|Any CPU.Build.0 = Release|Any CPU
		{CFEF7CF1-F4EA-46DB-B976-16E9B8EB1FAA}.Release|x64.ActiveCfg = Release|Any CPU
		{CFEF7CF1-F4EA-46DB-B976-16E9B8EB1FAA}.Release|x64.Build.0 = Release|Any CPU
		{CFEF7CF1-F4EA-46DB-B976-16E9B8EB1FAA}.Release|x86.ActiveCfg = Release|Any CPU
		{CFEF7CF1-F4EA-46DB-B976-16E9B8EB1FAA}.Release|x86.Build.0 = Release|Any CPU
		{AD1FB5EB-1E5E-44CD-8359-424BA37F630E}.Debug|Any CPU.ActiveCfg = Debug|Any CPU
		{AD1FB5EB-1E5E-44CD-8359-424BA37F630E}.Debug|Any CPU.Build.0 = Debug|Any CPU
		{AD1FB5EB-1E5E-44CD-8359-424BA37F630E}.Debug|x64.ActiveCfg = Debug|Any CPU
		{AD1FB5EB-1E5E-44CD-8359-424BA37F630E}.Debug|x64.Build.0 = Debug|Any CPU
		{AD1FB5EB-1E5E-44CD-8359-424BA37F630E}.Debug|x86.ActiveCfg = Debug|Any CPU
		{AD1FB5EB-1E5E-44CD-8359-424BA37F630E}.Debug|x86.Build.0 = Debug|Any CPU
		{AD1FB5EB-1E5E-44CD-8359-424BA37F630E}.Release|Any CPU.ActiveCfg = Release|Any CPU
		{AD1FB5EB-1E5E-44CD-8359-424BA37F630E}.Release|Any CPU.Build.0 = Release|Any CPU
		{AD1FB5EB-1E5E-44CD-8359-424BA37F630E}.Release|x64.ActiveCfg = Release|Any CPU
		{AD1FB5EB-1E5E-44CD-8359-424BA37F630E}.Release|x64.Build.0 = Release|Any CPU
		{AD1FB5EB-1E5E-44CD-8359-424BA37F630E}.Release|x86.ActiveCfg = Release|Any CPU
		{AD1FB5EB-1E5E-44CD-8359-424BA37F630E}.Release|x86.Build.0 = Release|Any CPU
		{89624222-422C-4E67-8EA6-C0C9EAFCBF1A}.Debug|Any CPU.ActiveCfg = Debug|Any CPU
		{89624222-422C-4E67-8EA6-C0C9EAFCBF1A}.Debug|Any CPU.Build.0 = Debug|Any CPU
		{89624222-422C-4E67-8EA6-C0C9EAFCBF1A}.Debug|x64.ActiveCfg = Debug|Any CPU
		{89624222-422C-4E67-8EA6-C0C9EAFCBF1A}.Debug|x64.Build.0 = Debug|Any CPU
		{89624222-422C-4E67-8EA6-C0C9EAFCBF1A}.Debug|x86.ActiveCfg = Debug|Any CPU
		{89624222-422C-4E67-8EA6-C0C9EAFCBF1A}.Debug|x86.Build.0 = Debug|Any CPU
		{89624222-422C-4E67-8EA6-C0C9EAFCBF1A}.Release|Any CPU.ActiveCfg = Release|Any CPU
		{89624222-422C-4E67-8EA6-C0C9EAFCBF1A}.Release|Any CPU.Build.0 = Release|Any CPU
		{89624222-422C-4E67-8EA6-C0C9EAFCBF1A}.Release|x64.ActiveCfg = Release|Any CPU
		{89624222-422C-4E67-8EA6-C0C9EAFCBF1A}.Release|x64.Build.0 = Release|Any CPU
		{89624222-422C-4E67-8EA6-C0C9EAFCBF1A}.Release|x86.ActiveCfg = Release|Any CPU
		{89624222-422C-4E67-8EA6-C0C9EAFCBF1A}.Release|x86.Build.0 = Release|Any CPU
		{2C5EDD05-B189-42E1-B833-B537D80E45AA}.Debug|Any CPU.ActiveCfg = Debug|Any CPU
		{2C5EDD05-B189-42E1-B833-B537D80E45AA}.Debug|Any CPU.Build.0 = Debug|Any CPU
		{2C5EDD05-B189-42E1-B833-B537D80E45AA}.Debug|x64.ActiveCfg = Debug|Any CPU
		{2C5EDD05-B189-42E1-B833-B537D80E45AA}.Debug|x64.Build.0 = Debug|Any CPU
		{2C5EDD05-B189-42E1-B833-B537D80E45AA}.Debug|x86.ActiveCfg = Debug|Any CPU
		{2C5EDD05-B189-42E1-B833-B537D80E45AA}.Debug|x86.Build.0 = Debug|Any CPU
		{2C5EDD05-B189-42E1-B833-B537D80E45AA}.Release|Any CPU.ActiveCfg = Release|Any CPU
		{2C5EDD05-B189-42E1-B833-B537D80E45AA}.Release|Any CPU.Build.0 = Release|Any CPU
		{2C5EDD05-B189-42E1-B833-B537D80E45AA}.Release|x64.ActiveCfg = Release|Any CPU
		{2C5EDD05-B189-42E1-B833-B537D80E45AA}.Release|x64.Build.0 = Release|Any CPU
		{2C5EDD05-B189-42E1-B833-B537D80E45AA}.Release|x86.ActiveCfg = Release|Any CPU
		{2C5EDD05-B189-42E1-B833-B537D80E45AA}.Release|x86.Build.0 = Release|Any CPU
		{F8A4FA88-4B61-4E08-B854-128240DAD7BE}.Debug|Any CPU.ActiveCfg = Debug|Any CPU
		{F8A4FA88-4B61-4E08-B854-128240DAD7BE}.Debug|Any CPU.Build.0 = Debug|Any CPU
		{F8A4FA88-4B61-4E08-B854-128240DAD7BE}.Debug|x64.ActiveCfg = Debug|Any CPU
		{F8A4FA88-4B61-4E08-B854-128240DAD7BE}.Debug|x64.Build.0 = Debug|Any CPU
		{F8A4FA88-4B61-4E08-B854-128240DAD7BE}.Debug|x86.ActiveCfg = Debug|Any CPU
		{F8A4FA88-4B61-4E08-B854-128240DAD7BE}.Debug|x86.Build.0 = Debug|Any CPU
		{F8A4FA88-4B61-4E08-B854-128240DAD7BE}.Release|Any CPU.ActiveCfg = Release|Any CPU
		{F8A4FA88-4B61-4E08-B854-128240DAD7BE}.Release|Any CPU.Build.0 = Release|Any CPU
		{F8A4FA88-4B61-4E08-B854-128240DAD7BE}.Release|x64.ActiveCfg = Release|Any CPU
		{F8A4FA88-4B61-4E08-B854-128240DAD7BE}.Release|x64.Build.0 = Release|Any CPU
		{F8A4FA88-4B61-4E08-B854-128240DAD7BE}.Release|x86.ActiveCfg = Release|Any CPU
		{F8A4FA88-4B61-4E08-B854-128240DAD7BE}.Release|x86.Build.0 = Release|Any CPU
		{EACD9CB4-3E5A-4335-848D-7DA9E5286401}.Debug|Any CPU.ActiveCfg = Debug|Any CPU
		{EACD9CB4-3E5A-4335-848D-7DA9E5286401}.Debug|Any CPU.Build.0 = Debug|Any CPU
		{EACD9CB4-3E5A-4335-848D-7DA9E5286401}.Debug|x64.ActiveCfg = Debug|Any CPU
		{EACD9CB4-3E5A-4335-848D-7DA9E5286401}.Debug|x64.Build.0 = Debug|Any CPU
		{EACD9CB4-3E5A-4335-848D-7DA9E5286401}.Debug|x86.ActiveCfg = Debug|Any CPU
		{EACD9CB4-3E5A-4335-848D-7DA9E5286401}.Debug|x86.Build.0 = Debug|Any CPU
		{EACD9CB4-3E5A-4335-848D-7DA9E5286401}.Release|Any CPU.ActiveCfg = Release|Any CPU
		{EACD9CB4-3E5A-4335-848D-7DA9E5286401}.Release|Any CPU.Build.0 = Release|Any CPU
		{EACD9CB4-3E5A-4335-848D-7DA9E5286401}.Release|x64.ActiveCfg = Release|Any CPU
		{EACD9CB4-3E5A-4335-848D-7DA9E5286401}.Release|x64.Build.0 = Release|Any CPU
		{EACD9CB4-3E5A-4335-848D-7DA9E5286401}.Release|x86.ActiveCfg = Release|Any CPU
		{EACD9CB4-3E5A-4335-848D-7DA9E5286401}.Release|x86.Build.0 = Release|Any CPU
		{84072503-4131-40BD-AB63-998CEBC142F0}.Debug|Any CPU.ActiveCfg = Debug|Any CPU
		{84072503-4131-40BD-AB63-998CEBC142F0}.Debug|Any CPU.Build.0 = Debug|Any CPU
		{84072503-4131-40BD-AB63-998CEBC142F0}.Debug|x64.ActiveCfg = Debug|Any CPU
		{84072503-4131-40BD-AB63-998CEBC142F0}.Debug|x64.Build.0 = Debug|Any CPU
		{84072503-4131-40BD-AB63-998CEBC142F0}.Debug|x86.ActiveCfg = Debug|Any CPU
		{84072503-4131-40BD-AB63-998CEBC142F0}.Debug|x86.Build.0 = Debug|Any CPU
		{84072503-4131-40BD-AB63-998CEBC142F0}.Release|Any CPU.ActiveCfg = Release|Any CPU
		{84072503-4131-40BD-AB63-998CEBC142F0}.Release|Any CPU.Build.0 = Release|Any CPU
		{84072503-4131-40BD-AB63-998CEBC142F0}.Release|x64.ActiveCfg = Release|Any CPU
		{84072503-4131-40BD-AB63-998CEBC142F0}.Release|x64.Build.0 = Release|Any CPU
		{84072503-4131-40BD-AB63-998CEBC142F0}.Release|x86.ActiveCfg = Release|Any CPU
		{84072503-4131-40BD-AB63-998CEBC142F0}.Release|x86.Build.0 = Release|Any CPU
		{8EA79BC2-BD7A-41A1-95EF-9B2F14979B7C}.Debug|Any CPU.ActiveCfg = Debug|Any CPU
		{8EA79BC2-BD7A-41A1-95EF-9B2F14979B7C}.Debug|Any CPU.Build.0 = Debug|Any CPU
		{8EA79BC2-BD7A-41A1-95EF-9B2F14979B7C}.Debug|x64.ActiveCfg = Debug|Any CPU
		{8EA79BC2-BD7A-41A1-95EF-9B2F14979B7C}.Debug|x64.Build.0 = Debug|Any CPU
		{8EA79BC2-BD7A-41A1-95EF-9B2F14979B7C}.Debug|x86.ActiveCfg = Debug|Any CPU
		{8EA79BC2-BD7A-41A1-95EF-9B2F14979B7C}.Debug|x86.Build.0 = Debug|Any CPU
		{8EA79BC2-BD7A-41A1-95EF-9B2F14979B7C}.Release|Any CPU.ActiveCfg = Release|Any CPU
		{8EA79BC2-BD7A-41A1-95EF-9B2F14979B7C}.Release|Any CPU.Build.0 = Release|Any CPU
		{8EA79BC2-BD7A-41A1-95EF-9B2F14979B7C}.Release|x64.ActiveCfg = Release|Any CPU
		{8EA79BC2-BD7A-41A1-95EF-9B2F14979B7C}.Release|x64.Build.0 = Release|Any CPU
		{8EA79BC2-BD7A-41A1-95EF-9B2F14979B7C}.Release|x86.ActiveCfg = Release|Any CPU
		{8EA79BC2-BD7A-41A1-95EF-9B2F14979B7C}.Release|x86.Build.0 = Release|Any CPU
		{B770F958-BB2A-4EB8-B8F2-8E31C4A7097F}.Debug|Any CPU.ActiveCfg = Debug|Any CPU
		{B770F958-BB2A-4EB8-B8F2-8E31C4A7097F}.Debug|Any CPU.Build.0 = Debug|Any CPU
		{B770F958-BB2A-4EB8-B8F2-8E31C4A7097F}.Debug|x64.ActiveCfg = Debug|Any CPU
		{B770F958-BB2A-4EB8-B8F2-8E31C4A7097F}.Debug|x64.Build.0 = Debug|Any CPU
		{B770F958-BB2A-4EB8-B8F2-8E31C4A7097F}.Debug|x86.ActiveCfg = Debug|Any CPU
		{B770F958-BB2A-4EB8-B8F2-8E31C4A7097F}.Debug|x86.Build.0 = Debug|Any CPU
		{B770F958-BB2A-4EB8-B8F2-8E31C4A7097F}.Release|Any CPU.ActiveCfg = Release|Any CPU
		{B770F958-BB2A-4EB8-B8F2-8E31C4A7097F}.Release|Any CPU.Build.0 = Release|Any CPU
		{B770F958-BB2A-4EB8-B8F2-8E31C4A7097F}.Release|x64.ActiveCfg = Release|Any CPU
		{B770F958-BB2A-4EB8-B8F2-8E31C4A7097F}.Release|x64.Build.0 = Release|Any CPU
		{B770F958-BB2A-4EB8-B8F2-8E31C4A7097F}.Release|x86.ActiveCfg = Release|Any CPU
		{B770F958-BB2A-4EB8-B8F2-8E31C4A7097F}.Release|x86.Build.0 = Release|Any CPU
		{4737A184-70BF-4FDC-AD08-C3B7E96E44E2}.Debug|Any CPU.ActiveCfg = Debug|Any CPU
		{4737A184-70BF-4FDC-AD08-C3B7E96E44E2}.Debug|Any CPU.Build.0 = Debug|Any CPU
		{4737A184-70BF-4FDC-AD08-C3B7E96E44E2}.Debug|x64.ActiveCfg = Debug|Any CPU
		{4737A184-70BF-4FDC-AD08-C3B7E96E44E2}.Debug|x64.Build.0 = Debug|Any CPU
		{4737A184-70BF-4FDC-AD08-C3B7E96E44E2}.Debug|x86.ActiveCfg = Debug|Any CPU
		{4737A184-70BF-4FDC-AD08-C3B7E96E44E2}.Debug|x86.Build.0 = Debug|Any CPU
		{4737A184-70BF-4FDC-AD08-C3B7E96E44E2}.Release|Any CPU.ActiveCfg = Release|Any CPU
		{4737A184-70BF-4FDC-AD08-C3B7E96E44E2}.Release|Any CPU.Build.0 = Release|Any CPU
		{4737A184-70BF-4FDC-AD08-C3B7E96E44E2}.Release|x64.ActiveCfg = Release|Any CPU
		{4737A184-70BF-4FDC-AD08-C3B7E96E44E2}.Release|x64.Build.0 = Release|Any CPU
		{4737A184-70BF-4FDC-AD08-C3B7E96E44E2}.Release|x86.ActiveCfg = Release|Any CPU
		{4737A184-70BF-4FDC-AD08-C3B7E96E44E2}.Release|x86.Build.0 = Release|Any CPU
	EndGlobalSection
	GlobalSection(SolutionProperties) = preSolution
		HideSolutionNode = FALSE
	EndGlobalSection
	GlobalSection(NestedProjects) = preSolution
		{90298CBA-BD6F-3A0A-69D5-97CAD7B05E7E} = {827E0CD3-B72D-47B6-A68D-7590B98EB39B}
		{5EBE0B3E-221F-4C02-8A3D-DA63EA27CFAB} = {90298CBA-BD6F-3A0A-69D5-97CAD7B05E7E}
		{26CB451B-FFCE-4C78-A5C5-50B9FAD9B027} = {90298CBA-BD6F-3A0A-69D5-97CAD7B05E7E}
		{984BB9B3-3FA3-BE33-9484-CAC21695A33C} = {827E0CD3-B72D-47B6-A68D-7590B98EB39B}
		{475C75E2-3469-ADF1-7AA5-8C26A3F9FD01} = {984BB9B3-3FA3-BE33-9484-CAC21695A33C}
		{344ADE29-523E-4BCE-9D3F-91B1A151B692} = {475C75E2-3469-ADF1-7AA5-8C26A3F9FD01}
		{A9FB287B-E701-4928-9BB8-57AD801225BE} = {475C75E2-3469-ADF1-7AA5-8C26A3F9FD01}
		{68CB59E2-8A76-4EA4-932B-80080A41AEE8} = {475C75E2-3469-ADF1-7AA5-8C26A3F9FD01}
		{AB0D4D34-37B6-4F60-AC7E-2AE6D913AF72} = {475C75E2-3469-ADF1-7AA5-8C26A3F9FD01}
		{1BFC9479-12BF-35C3-06B8-42D89D95092B} = {984BB9B3-3FA3-BE33-9484-CAC21695A33C}
		{CFEF7CF1-F4EA-46DB-B976-16E9B8EB1FAA} = {1BFC9479-12BF-35C3-06B8-42D89D95092B}
		{AD1FB5EB-1E5E-44CD-8359-424BA37F630E} = {1BFC9479-12BF-35C3-06B8-42D89D95092B}
		{89624222-422C-4E67-8EA6-C0C9EAFCBF1A} = {1BFC9479-12BF-35C3-06B8-42D89D95092B}
		{2C5EDD05-B189-42E1-B833-B537D80E45AA} = {1BFC9479-12BF-35C3-06B8-42D89D95092B}
		{180A20D8-F96B-90BD-E113-321440D7588D} = {984BB9B3-3FA3-BE33-9484-CAC21695A33C}
		{F8A4FA88-4B61-4E08-B854-128240DAD7BE} = {180A20D8-F96B-90BD-E113-321440D7588D}
		{EACD9CB4-3E5A-4335-848D-7DA9E5286401} = {180A20D8-F96B-90BD-E113-321440D7588D}
		{84072503-4131-40BD-AB63-998CEBC142F0} = {180A20D8-F96B-90BD-E113-321440D7588D}
		{8EA79BC2-BD7A-41A1-95EF-9B2F14979B7C} = {180A20D8-F96B-90BD-E113-321440D7588D}
		{8B260A08-A83E-5A86-27DB-EBC08B683631} = {827E0CD3-B72D-47B6-A68D-7590B98EB39B}
		{B770F958-BB2A-4EB8-B8F2-8E31C4A7097F} = {8B260A08-A83E-5A86-27DB-EBC08B683631}
		{4737A184-70BF-4FDC-AD08-C3B7E96E44E2} = {90298CBA-BD6F-3A0A-69D5-97CAD7B05E7E}
	EndGlobalSection
EndGlobal
